
Microsoft Visual Studio Solution File, Format Version 12.00
# Visual Studio 2012
Project("{FAE04EC0-301F-11D3-BF4B-00C04F79EFBC}") = "GridGame", "TrainingProject\GridGame.csproj", "{926616D3-E838-41F1-AEC7-8DA7938EA2AB}"
EndProject
Global
	GlobalSection(SolutionConfigurationPlatforms) = preSolution
		Debug|Any CPU = Debug|Any CPU
		Release|Any CPU = Release|Any CPU
	EndGlobalSection
	GlobalSection(ProjectConfigurationPlatforms) = postSolution
		{926616D3-E838-41F1-AEC7-8DA7938EA2AB}.Debug|Any CPU.ActiveCfg = Debug|Any CPU
		{926616D3-E838-41F1-AEC7-8DA7938EA2AB}.Debug|Any CPU.Build.0 = Debug|Any CPU
		{926616D3-E838-41F1-AEC7-8DA7938EA2AB}.Release|Any CPU.ActiveCfg = Release|Any CPU
		{926616D3-E838-41F1-AEC7-8DA7938EA2AB}.Release|Any CPU.Build.0 = Release|Any CPU
	EndGlobalSection
	GlobalSection(SolutionProperties) = preSolution
		HideSolutionNode = FALSE
	EndGlobalSection
EndGlobal
